// !$*UTF8*$!
{
	archiveVersion = 1;
	classes = {
	};
	objectVersion = 56;
	objects = {

/* Begin PBXBuildFile section */
		241878E32BBD6FC2002BF667 /* TodoListApp.swift in Sources */ = {isa = PBXBuildFile; fileRef = 241878E22BBD6FC2002BF667 /* TodoListApp.swift */; };
		241878E52BBD6FC2002BF667 /* MainView.swift in Sources */ = {isa = PBXBuildFile; fileRef = 241878E42BBD6FC2002BF667 /* MainView.swift */; };
		241878E72BBD6FC4002BF667 /* Assets.xcassets in Resources */ = {isa = PBXBuildFile; fileRef = 241878E62BBD6FC4002BF667 /* Assets.xcassets */; };
		241878EA2BBD6FC4002BF667 /* Preview Assets.xcassets in Resources */ = {isa = PBXBuildFile; fileRef = 241878E92BBD6FC4002BF667 /* Preview Assets.xcassets */; };
		241878F42BBD6FC4002BF667 /* TodoListTests.swift in Sources */ = {isa = PBXBuildFile; fileRef = 241878F32BBD6FC4002BF667 /* TodoListTests.swift */; };
		241878FE2BBD6FC5002BF667 /* TodoListUITests.swift in Sources */ = {isa = PBXBuildFile; fileRef = 241878FD2BBD6FC5002BF667 /* TodoListUITests.swift */; };
		241879002BBD6FC5002BF667 /* TodoListUITestsLaunchTests.swift in Sources */ = {isa = PBXBuildFile; fileRef = 241878FF2BBD6FC5002BF667 /* TodoListUITestsLaunchTests.swift */; };
		249CF14D2BBDBF320061AD4F /* ProfileView.swift in Sources */ = {isa = PBXBuildFile; fileRef = 249CF14C2BBDBF320061AD4F /* ProfileView.swift */; };
		249CF14F2BBDBF540061AD4F /* TodoListView.swift in Sources */ = {isa = PBXBuildFile; fileRef = 249CF14E2BBDBF540061AD4F /* TodoListView.swift */; };
		249CF1512BBDBF6C0061AD4F /* LoginView.swift in Sources */ = {isa = PBXBuildFile; fileRef = 249CF1502BBDBF6C0061AD4F /* LoginView.swift */; };
		249CF1532BBDBF7B0061AD4F /* RegisterView.swift in Sources */ = {isa = PBXBuildFile; fileRef = 249CF1522BBDBF7B0061AD4F /* RegisterView.swift */; };
		249CF1552BBDBF9E0061AD4F /* TodoListItemView.swift in Sources */ = {isa = PBXBuildFile; fileRef = 249CF1542BBDBF9E0061AD4F /* TodoListItemView.swift */; };
		249CF1572BBDBFB20061AD4F /* NewItemView.swift in Sources */ = {isa = PBXBuildFile; fileRef = 249CF1562BBDBFB20061AD4F /* NewItemView.swift */; };
		249CF1592BBDC0350061AD4F /* ProfileViewModel.swift in Sources */ = {isa = PBXBuildFile; fileRef = 249CF1582BBDC0350061AD4F /* ProfileViewModel.swift */; };
		249CF15B2BBDC0460061AD4F /* LoginViewModel.swift in Sources */ = {isa = PBXBuildFile; fileRef = 249CF15A2BBDC0460061AD4F /* LoginViewModel.swift */; };
		249CF15D2BBDC0510061AD4F /* RegisterViewModel.swift in Sources */ = {isa = PBXBuildFile; fileRef = 249CF15C2BBDC0510061AD4F /* RegisterViewModel.swift */; };
		249CF15F2BBDC0640061AD4F /* TodoListItemViewModel.swift in Sources */ = {isa = PBXBuildFile; fileRef = 249CF15E2BBDC0640061AD4F /* TodoListItemViewModel.swift */; };
		249CF1612BBDC0780061AD4F /* TodoListViewModel.swift in Sources */ = {isa = PBXBuildFile; fileRef = 249CF1602BBDC0780061AD4F /* TodoListViewModel.swift */; };
		249CF1632BBDC0860061AD4F /* MainViewModel.swift in Sources */ = {isa = PBXBuildFile; fileRef = 249CF1622BBDC0860061AD4F /* MainViewModel.swift */; };
		249CF1652BBDC0A50061AD4F /* NewItemViewModel.swift in Sources */ = {isa = PBXBuildFile; fileRef = 249CF1642BBDC0A50061AD4F /* NewItemViewModel.swift */; };
		249CF1672BBDC0B80061AD4F /* User.swift in Sources */ = {isa = PBXBuildFile; fileRef = 249CF1662BBDC0B80061AD4F /* User.swift */; };
		249CF1692BBDC0CB0061AD4F /* TodoListItem.swift in Sources */ = {isa = PBXBuildFile; fileRef = 249CF1682BBDC0CB0061AD4F /* TodoListItem.swift */; };
		249CF16C2BBDC5BB0061AD4F /* HeaderView.swift in Sources */ = {isa = PBXBuildFile; fileRef = 249CF16B2BBDC5BB0061AD4F /* HeaderView.swift */; };
		249CF16E2BBE5CFC0061AD4F /* TLButton.swift in Sources */ = {isa = PBXBuildFile; fileRef = 249CF16D2BBE5CFC0061AD4F /* TLButton.swift */; };
		249CF1712BBE6AE80061AD4F /* GoogleService-Info.plist in Resources */ = {isa = PBXBuildFile; fileRef = 249CF1702BBE6AE80061AD4F /* GoogleService-Info.plist */; };
		249CF1742BBE72680061AD4F /* FirebaseAnalytics in Frameworks */ = {isa = PBXBuildFile; productRef = 249CF1732BBE72680061AD4F /* FirebaseAnalytics */; };
		249CF1762BBE72680061AD4F /* FirebaseAuth in Frameworks */ = {isa = PBXBuildFile; productRef = 249CF1752BBE72680061AD4F /* FirebaseAuth */; };
		249CF1782BBE72680061AD4F /* FirebaseDatabase in Frameworks */ = {isa = PBXBuildFile; productRef = 249CF1772BBE72680061AD4F /* FirebaseDatabase */; };
		249CF17A2BBE7F410061AD4F /* FirebaseFirestore in Frameworks */ = {isa = PBXBuildFile; productRef = 249CF1792BBE7F410061AD4F /* FirebaseFirestore */; };
		249CF17C2BBE81EF0061AD4F /* Extensions.swift in Sources */ = {isa = PBXBuildFile; fileRef = 249CF17B2BBE81EE0061AD4F /* Extensions.swift */; };
/* End PBXBuildFile section */

/* Begin PBXContainerItemProxy section */
		241878F02BBD6FC4002BF667 /* PBXContainerItemProxy */ = {
			isa = PBXContainerItemProxy;
			containerPortal = 241878D72BBD6FC1002BF667 /* Project object */;
			proxyType = 1;
			remoteGlobalIDString = 241878DE2BBD6FC1002BF667;
			remoteInfo = TodoList;
		};
		241878FA2BBD6FC5002BF667 /* PBXContainerItemProxy */ = {
			isa = PBXContainerItemProxy;
			containerPortal = 241878D72BBD6FC1002BF667 /* Project object */;
			proxyType = 1;
			remoteGlobalIDString = 241878DE2BBD6FC1002BF667;
			remoteInfo = TodoList;
		};
/* End PBXContainerItemProxy section */

/* Begin PBXFileReference section */
		241878DF2BBD6FC2002BF667 /* TodoList.app */ = {isa = PBXFileReference; explicitFileType = wrapper.application; includeInIndex = 0; path = TodoList.app; sourceTree = BUILT_PRODUCTS_DIR; };
		241878E22BBD6FC2002BF667 /* TodoListApp.swift */ = {isa = PBXFileReference; lastKnownFileType = sourcecode.swift; path = TodoListApp.swift; sourceTree = "<group>"; };
		241878E42BBD6FC2002BF667 /* MainView.swift */ = {isa = PBXFileReference; lastKnownFileType = sourcecode.swift; path = MainView.swift; sourceTree = "<group>"; };
		241878E62BBD6FC4002BF667 /* Assets.xcassets */ = {isa = PBXFileReference; lastKnownFileType = folder.assetcatalog; path = Assets.xcassets; sourceTree = "<group>"; };
		241878E92BBD6FC4002BF667 /* Preview Assets.xcassets */ = {isa = PBXFileReference; lastKnownFileType = folder.assetcatalog; path = "Preview Assets.xcassets"; sourceTree = "<group>"; };
		241878EF2BBD6FC4002BF667 /* TodoListTests.xctest */ = {isa = PBXFileReference; explicitFileType = wrapper.cfbundle; includeInIndex = 0; path = TodoListTests.xctest; sourceTree = BUILT_PRODUCTS_DIR; };
		241878F32BBD6FC4002BF667 /* TodoListTests.swift */ = {isa = PBXFileReference; lastKnownFileType = sourcecode.swift; path = TodoListTests.swift; sourceTree = "<group>"; };
		241878F92BBD6FC5002BF667 /* TodoListUITests.xctest */ = {isa = PBXFileReference; explicitFileType = wrapper.cfbundle; includeInIndex = 0; path = TodoListUITests.xctest; sourceTree = BUILT_PRODUCTS_DIR; };
		241878FD2BBD6FC5002BF667 /* TodoListUITests.swift */ = {isa = PBXFileReference; lastKnownFileType = sourcecode.swift; path = TodoListUITests.swift; sourceTree = "<group>"; };
		241878FF2BBD6FC5002BF667 /* TodoListUITestsLaunchTests.swift */ = {isa = PBXFileReference; lastKnownFileType = sourcecode.swift; path = TodoListUITestsLaunchTests.swift; sourceTree = "<group>"; };
		249CF14C2BBDBF320061AD4F /* ProfileView.swift */ = {isa = PBXFileReference; lastKnownFileType = sourcecode.swift; path = ProfileView.swift; sourceTree = "<group>"; };
		249CF14E2BBDBF540061AD4F /* TodoListView.swift */ = {isa = PBXFileReference; lastKnownFileType = sourcecode.swift; path = TodoListView.swift; sourceTree = "<group>"; };
		249CF1502BBDBF6C0061AD4F /* LoginView.swift */ = {isa = PBXFileReference; lastKnownFileType = sourcecode.swift; path = LoginView.swift; sourceTree = "<group>"; };
		249CF1522BBDBF7B0061AD4F /* RegisterView.swift */ = {isa = PBXFileReference; lastKnownFileType = sourcecode.swift; path = RegisterView.swift; sourceTree = "<group>"; };
		249CF1542BBDBF9E0061AD4F /* TodoListItemView.swift */ = {isa = PBXFileReference; lastKnownFileType = sourcecode.swift; path = TodoListItemView.swift; sourceTree = "<group>"; };
		249CF1562BBDBFB20061AD4F /* NewItemView.swift */ = {isa = PBXFileReference; lastKnownFileType = sourcecode.swift; path = NewItemView.swift; sourceTree = "<group>"; };
		249CF1582BBDC0350061AD4F /* ProfileViewModel.swift */ = {isa = PBXFileReference; lastKnownFileType = sourcecode.swift; path = ProfileViewModel.swift; sourceTree = "<group>"; };
		249CF15A2BBDC0460061AD4F /* LoginViewModel.swift */ = {isa = PBXFileReference; lastKnownFileType = sourcecode.swift; path = LoginViewModel.swift; sourceTree = "<group>"; };
		249CF15C2BBDC0510061AD4F /* RegisterViewModel.swift */ = {isa = PBXFileReference; lastKnownFileType = sourcecode.swift; path = RegisterViewModel.swift; sourceTree = "<group>"; };
		249CF15E2BBDC0640061AD4F /* TodoListItemViewModel.swift */ = {isa = PBXFileReference; lastKnownFileType = sourcecode.swift; path = TodoListItemViewModel.swift; sourceTree = "<group>"; };
		249CF1602BBDC0780061AD4F /* TodoListViewModel.swift */ = {isa = PBXFileReference; lastKnownFileType = sourcecode.swift; path = TodoListViewModel.swift; sourceTree = "<group>"; };
		249CF1622BBDC0860061AD4F /* MainViewModel.swift */ = {isa = PBXFileReference; lastKnownFileType = sourcecode.swift; path = MainViewModel.swift; sourceTree = "<group>"; };
		249CF1642BBDC0A50061AD4F /* NewItemViewModel.swift */ = {isa = PBXFileReference; lastKnownFileType = sourcecode.swift; path = NewItemViewModel.swift; sourceTree = "<group>"; };
		249CF1662BBDC0B80061AD4F /* User.swift */ = {isa = PBXFileReference; lastKnownFileType = sourcecode.swift; path = User.swift; sourceTree = "<group>"; };
		249CF1682BBDC0CB0061AD4F /* TodoListItem.swift */ = {isa = PBXFileReference; lastKnownFileType = sourcecode.swift; path = TodoListItem.swift; sourceTree = "<group>"; };
		249CF16B2BBDC5BB0061AD4F /* HeaderView.swift */ = {isa = PBXFileReference; lastKnownFileType = sourcecode.swift; path = HeaderView.swift; sourceTree = "<group>"; };
		249CF16D2BBE5CFC0061AD4F /* TLButton.swift */ = {isa = PBXFileReference; lastKnownFileType = sourcecode.swift; path = TLButton.swift; sourceTree = "<group>"; };
		249CF1702BBE6AE80061AD4F /* GoogleService-Info.plist */ = {isa = PBXFileReference; fileEncoding = 4; lastKnownFileType = text.plist.xml; path = "GoogleService-Info.plist"; sourceTree = "<group>"; };
		249CF17B2BBE81EE0061AD4F /* Extensions.swift */ = {isa = PBXFileReference; lastKnownFileType = sourcecode.swift; path = Extensions.swift; sourceTree = "<group>"; };
/* End PBXFileReference section */

/* Begin PBXFrameworksBuildPhase section */
		241878DC2BBD6FC1002BF667 /* Frameworks */ = {
			isa = PBXFrameworksBuildPhase;
			buildActionMask = 2147483647;
			files = (
				249CF1782BBE72680061AD4F /* FirebaseDatabase in Frameworks */,
				249CF17A2BBE7F410061AD4F /* FirebaseFirestore in Frameworks */,
				249CF1742BBE72680061AD4F /* FirebaseAnalytics in Frameworks */,
				249CF1762BBE72680061AD4F /* FirebaseAuth in Frameworks */,
			);
			runOnlyForDeploymentPostprocessing = 0;
		};
		241878EC2BBD6FC4002BF667 /* Frameworks */ = {
			isa = PBXFrameworksBuildPhase;
			buildActionMask = 2147483647;
			files = (
			);
			runOnlyForDeploymentPostprocessing = 0;
		};
		241878F62BBD6FC5002BF667 /* Frameworks */ = {
			isa = PBXFrameworksBuildPhase;
			buildActionMask = 2147483647;
			files = (
			);
			runOnlyForDeploymentPostprocessing = 0;
		};
/* End PBXFrameworksBuildPhase section */

/* Begin PBXGroup section */
		241878D62BBD6FC1002BF667 = {
			isa = PBXGroup;
			children = (
				241878E12BBD6FC2002BF667 /* TodoList */,
				241878F22BBD6FC4002BF667 /* TodoListTests */,
				241878FC2BBD6FC5002BF667 /* TodoListUITests */,
				241878E02BBD6FC2002BF667 /* Products */,
				249CF1722BBE72680061AD4F /* Frameworks */,
			);
			sourceTree = "<group>";
		};
		241878E02BBD6FC2002BF667 /* Products */ = {
			isa = PBXGroup;
			children = (
				241878DF2BBD6FC2002BF667 /* TodoList.app */,
				241878EF2BBD6FC4002BF667 /* TodoListTests.xctest */,
				241878F92BBD6FC5002BF667 /* TodoListUITests.xctest */,
			);
			name = Products;
			sourceTree = "<group>";
		};
		241878E12BBD6FC2002BF667 /* TodoList */ = {
			isa = PBXGroup;
			children = (
				249CF14B2BBDBEE70061AD4F /* Views */,
				249CF14A2BBDBED60061AD4F /* ViewModels */,
				249CF1492BBDBECC0061AD4F /* Models */,
				249CF1482BBDBEAD0061AD4F /* Other */,
				241878E82BBD6FC4002BF667 /* Preview Content */,
			);
			path = TodoList;
			sourceTree = "<group>";
		};
		241878E82BBD6FC4002BF667 /* Preview Content */ = {
			isa = PBXGroup;
			children = (
				241878E92BBD6FC4002BF667 /* Preview Assets.xcassets */,
			);
			path = "Preview Content";
			sourceTree = "<group>";
		};
		241878F22BBD6FC4002BF667 /* TodoListTests */ = {
			isa = PBXGroup;
			children = (
				241878F32BBD6FC4002BF667 /* TodoListTests.swift */,
			);
			path = TodoListTests;
			sourceTree = "<group>";
		};
		241878FC2BBD6FC5002BF667 /* TodoListUITests */ = {
			isa = PBXGroup;
			children = (
				241878FD2BBD6FC5002BF667 /* TodoListUITests.swift */,
				241878FF2BBD6FC5002BF667 /* TodoListUITestsLaunchTests.swift */,
			);
			path = TodoListUITests;
			sourceTree = "<group>";
		};
		249CF1482BBDBEAD0061AD4F /* Other */ = {
			isa = PBXGroup;
			children = (
				249CF1702BBE6AE80061AD4F /* GoogleService-Info.plist */,
				241878E22BBD6FC2002BF667 /* TodoListApp.swift */,
				241878E62BBD6FC4002BF667 /* Assets.xcassets */,
				249CF17B2BBE81EE0061AD4F /* Extensions.swift */,
			);
			path = Other;
			sourceTree = "<group>";
		};
		249CF1492BBDBECC0061AD4F /* Models */ = {
			isa = PBXGroup;
			children = (
				249CF1662BBDC0B80061AD4F /* User.swift */,
				249CF1682BBDC0CB0061AD4F /* TodoListItem.swift */,
			);
			path = Models;
			sourceTree = "<group>";
		};
		249CF14A2BBDBED60061AD4F /* ViewModels */ = {
			isa = PBXGroup;
			children = (
				249CF1582BBDC0350061AD4F /* ProfileViewModel.swift */,
				249CF15A2BBDC0460061AD4F /* LoginViewModel.swift */,
				249CF15C2BBDC0510061AD4F /* RegisterViewModel.swift */,
				249CF15E2BBDC0640061AD4F /* TodoListItemViewModel.swift */,
				249CF1602BBDC0780061AD4F /* TodoListViewModel.swift */,
				249CF1622BBDC0860061AD4F /* MainViewModel.swift */,
				249CF1642BBDC0A50061AD4F /* NewItemViewModel.swift */,
			);
			path = ViewModels;
			sourceTree = "<group>";
		};
		249CF14B2BBDBEE70061AD4F /* Views */ = {
			isa = PBXGroup;
			children = (
				249CF14C2BBDBF320061AD4F /* ProfileView.swift */,
				249CF1502BBDBF6C0061AD4F /* LoginView.swift */,
				249CF1522BBDBF7B0061AD4F /* RegisterView.swift */,
				241878E42BBD6FC2002BF667 /* MainView.swift */,
				249CF1542BBDBF9E0061AD4F /* TodoListItemView.swift */,
				249CF1562BBDBFB20061AD4F /* NewItemView.swift */,
				249CF14E2BBDBF540061AD4F /* TodoListView.swift */,
				249CF16B2BBDC5BB0061AD4F /* HeaderView.swift */,
				249CF16D2BBE5CFC0061AD4F /* TLButton.swift */,
			);
			path = Views;
			sourceTree = "<group>";
		};
		249CF1722BBE72680061AD4F /* Frameworks */ = {
			isa = PBXGroup;
			children = (
			);
			name = Frameworks;
			sourceTree = "<group>";
		};
/* End PBXGroup section */

/* Begin PBXNativeTarget section */
		241878DE2BBD6FC1002BF667 /* TodoList */ = {
			isa = PBXNativeTarget;
			buildConfigurationList = 241879032BBD6FC5002BF667 /* Build configuration list for PBXNativeTarget "TodoList" */;
			buildPhases = (
				241878DB2BBD6FC1002BF667 /* Sources */,
				241878DC2BBD6FC1002BF667 /* Frameworks */,
				241878DD2BBD6FC1002BF667 /* Resources */,
			);
			buildRules = (
			);
			dependencies = (
			);
			name = TodoList;
			packageProductDependencies = (
				249CF1732BBE72680061AD4F /* FirebaseAnalytics */,
				249CF1752BBE72680061AD4F /* FirebaseAuth */,
				249CF1772BBE72680061AD4F /* FirebaseDatabase */,
				249CF1792BBE7F410061AD4F /* FirebaseFirestore */,
			);
			productName = TodoList;
			productReference = 241878DF2BBD6FC2002BF667 /* TodoList.app */;
			productType = "com.apple.product-type.application";
		};
		241878EE2BBD6FC4002BF667 /* TodoListTests */ = {
			isa = PBXNativeTarget;
			buildConfigurationList = 241879062BBD6FC5002BF667 /* Build configuration list for PBXNativeTarget "TodoListTests" */;
			buildPhases = (
				241878EB2BBD6FC4002BF667 /* Sources */,
				241878EC2BBD6FC4002BF667 /* Frameworks */,
				241878ED2BBD6FC4002BF667 /* Resources */,
			);
			buildRules = (
			);
			dependencies = (
				241878F12BBD6FC4002BF667 /* PBXTargetDependency */,
			);
			name = TodoListTests;
			productName = TodoListTests;
			productReference = 241878EF2BBD6FC4002BF667 /* TodoListTests.xctest */;
			productType = "com.apple.product-type.bundle.unit-test";
		};
		241878F82BBD6FC5002BF667 /* TodoListUITests */ = {
			isa = PBXNativeTarget;
			buildConfigurationList = 241879092BBD6FC5002BF667 /* Build configuration list for PBXNativeTarget "TodoListUITests" */;
			buildPhases = (
				241878F52BBD6FC5002BF667 /* Sources */,
				241878F62BBD6FC5002BF667 /* Frameworks */,
				241878F72BBD6FC5002BF667 /* Resources */,
			);
			buildRules = (
			);
			dependencies = (
				241878FB2BBD6FC5002BF667 /* PBXTargetDependency */,
			);
			name = TodoListUITests;
			productName = TodoListUITests;
			productReference = 241878F92BBD6FC5002BF667 /* TodoListUITests.xctest */;
			productType = "com.apple.product-type.bundle.ui-testing";
		};
/* End PBXNativeTarget section */

/* Begin PBXProject section */
		241878D72BBD6FC1002BF667 /* Project object */ = {
			isa = PBXProject;
			attributes = {
				BuildIndependentTargetsInParallel = 1;
				LastSwiftUpdateCheck = 1500;
				LastUpgradeCheck = 1500;
				TargetAttributes = {
					241878DE2BBD6FC1002BF667 = {
						CreatedOnToolsVersion = 15.0;
					};
					241878EE2BBD6FC4002BF667 = {
						CreatedOnToolsVersion = 15.0;
						TestTargetID = 241878DE2BBD6FC1002BF667;
					};
					241878F82BBD6FC5002BF667 = {
						CreatedOnToolsVersion = 15.0;
						TestTargetID = 241878DE2BBD6FC1002BF667;
					};
				};
			};
			buildConfigurationList = 241878DA2BBD6FC1002BF667 /* Build configuration list for PBXProject "TodoList" */;
			compatibilityVersion = "Xcode 14.0";
			developmentRegion = en;
			hasScannedForEncodings = 0;
			knownRegions = (
				en,
				Base,
			);
			mainGroup = 241878D62BBD6FC1002BF667;
			packageReferences = (
				249CF16F2BBE69EF0061AD4F /* XCRemoteSwiftPackageReference "firebase-ios-sdk" */,
			);
			productRefGroup = 241878E02BBD6FC2002BF667 /* Products */;
			projectDirPath = "";
			projectRoot = "";
			targets = (
				241878DE2BBD6FC1002BF667 /* TodoList */,
				241878EE2BBD6FC4002BF667 /* TodoListTests */,
				241878F82BBD6FC5002BF667 /* TodoListUITests */,
			);
		};
/* End PBXProject section */

/* Begin PBXResourcesBuildPhase section */
		241878DD2BBD6FC1002BF667 /* Resources */ = {
			isa = PBXResourcesBuildPhase;
			buildActionMask = 2147483647;
			files = (
				241878EA2BBD6FC4002BF667 /* Preview Assets.xcassets in Resources */,
				241878E72BBD6FC4002BF667 /* Assets.xcassets in Resources */,
				249CF1712BBE6AE80061AD4F /* GoogleService-Info.plist in Resources */,
			);
			runOnlyForDeploymentPostprocessing = 0;
		};
		241878ED2BBD6FC4002BF667 /* Resources */ = {
			isa = PBXResourcesBuildPhase;
			buildActionMask = 2147483647;
			files = (
			);
			runOnlyForDeploymentPostprocessing = 0;
		};
		241878F72BBD6FC5002BF667 /* Resources */ = {
			isa = PBXResourcesBuildPhase;
			buildActionMask = 2147483647;
			files = (
			);
			runOnlyForDeploymentPostprocessing = 0;
		};
/* End PBXResourcesBuildPhase section */

/* Begin PBXSourcesBuildPhase section */
		241878DB2BBD6FC1002BF667 /* Sources */ = {
			isa = PBXSourcesBuildPhase;
			buildActionMask = 2147483647;
			files = (
				249CF1692BBDC0CB0061AD4F /* TodoListItem.swift in Sources */,
				249CF16C2BBDC5BB0061AD4F /* HeaderView.swift in Sources */,
				249CF1572BBDBFB20061AD4F /* NewItemView.swift in Sources */,
				241878E52BBD6FC2002BF667 /* MainView.swift in Sources */,
				249CF1652BBDC0A50061AD4F /* NewItemViewModel.swift in Sources */,
				249CF1612BBDC0780061AD4F /* TodoListViewModel.swift in Sources */,
				249CF1672BBDC0B80061AD4F /* User.swift in Sources */,
				249CF16E2BBE5CFC0061AD4F /* TLButton.swift in Sources */,
				249CF14D2BBDBF320061AD4F /* ProfileView.swift in Sources */,
				249CF1592BBDC0350061AD4F /* ProfileViewModel.swift in Sources */,
				249CF15D2BBDC0510061AD4F /* RegisterViewModel.swift in Sources */,
				249CF14F2BBDBF540061AD4F /* TodoListView.swift in Sources */,
				249CF1632BBDC0860061AD4F /* MainViewModel.swift in Sources */,
				249CF1532BBDBF7B0061AD4F /* RegisterView.swift in Sources */,
				249CF1512BBDBF6C0061AD4F /* LoginView.swift in Sources */,
				249CF17C2BBE81EF0061AD4F /* Extensions.swift in Sources */,
				249CF1552BBDBF9E0061AD4F /* TodoListItemView.swift in Sources */,
				249CF15B2BBDC0460061AD4F /* LoginViewModel.swift in Sources */,
				241878E32BBD6FC2002BF667 /* TodoListApp.swift in Sources */,
				249CF15F2BBDC0640061AD4F /* TodoListItemViewModel.swift in Sources */,
			);
			runOnlyForDeploymentPostprocessing = 0;
		};
		241878EB2BBD6FC4002BF667 /* Sources */ = {
			isa = PBXSourcesBuildPhase;
			buildActionMask = 2147483647;
			files = (
				241878F42BBD6FC4002BF667 /* TodoListTests.swift in Sources */,
			);
			runOnlyForDeploymentPostprocessing = 0;
		};
		241878F52BBD6FC5002BF667 /* Sources */ = {
			isa = PBXSourcesBuildPhase;
			buildActionMask = 2147483647;
			files = (
				241879002BBD6FC5002BF667 /* TodoListUITestsLaunchTests.swift in Sources */,
				241878FE2BBD6FC5002BF667 /* TodoListUITests.swift in Sources */,
			);
			runOnlyForDeploymentPostprocessing = 0;
		};
/* End PBXSourcesBuildPhase section */

/* Begin PBXTargetDependency section */
		241878F12BBD6FC4002BF667 /* PBXTargetDependency */ = {
			isa = PBXTargetDependency;
			target = 241878DE2BBD6FC1002BF667 /* TodoList */;
			targetProxy = 241878F02BBD6FC4002BF667 /* PBXContainerItemProxy */;
		};
		241878FB2BBD6FC5002BF667 /* PBXTargetDependency */ = {
			isa = PBXTargetDependency;
			target = 241878DE2BBD6FC1002BF667 /* TodoList */;
			targetProxy = 241878FA2BBD6FC5002BF667 /* PBXContainerItemProxy */;
		};
/* End PBXTargetDependency section */

/* Begin XCBuildConfiguration section */
		241879012BBD6FC5002BF667 /* Debug */ = {
			isa = XCBuildConfiguration;
			buildSettings = {
				ALWAYS_SEARCH_USER_PATHS = NO;
				ASSETCATALOG_COMPILER_GENERATE_SWIFT_ASSET_SYMBOL_EXTENSIONS = YES;
				CLANG_ANALYZER_NONNULL = YES;
				CLANG_ANALYZER_NUMBER_OBJECT_CONVERSION = YES_AGGRESSIVE;
				CLANG_CXX_LANGUAGE_STANDARD = "gnu++20";
				CLANG_ENABLE_MODULES = YES;
				CLANG_ENABLE_OBJC_ARC = YES;
				CLANG_ENABLE_OBJC_WEAK = YES;
				CLANG_WARN_BLOCK_CAPTURE_AUTORELEASING = YES;
				CLANG_WARN_BOOL_CONVERSION = YES;
				CLANG_WARN_COMMA = YES;
				CLANG_WARN_CONSTANT_CONVERSION = YES;
				CLANG_WARN_DEPRECATED_OBJC_IMPLEMENTATIONS = YES;
				CLANG_WARN_DIRECT_OBJC_ISA_USAGE = YES_ERROR;
				CLANG_WARN_DOCUMENTATION_COMMENTS = YES;
				CLANG_WARN_EMPTY_BODY = YES;
				CLANG_WARN_ENUM_CONVERSION = YES;
				CLANG_WARN_INFINITE_RECURSION = YES;
				CLANG_WARN_INT_CONVERSION = YES;
				CLANG_WARN_NON_LITERAL_NULL_CONVERSION = YES;
				CLANG_WARN_OBJC_IMPLICIT_RETAIN_SELF = YES;
				CLANG_WARN_OBJC_LITERAL_CONVERSION = YES;
				CLANG_WARN_OBJC_ROOT_CLASS = YES_ERROR;
				CLANG_WARN_QUOTED_INCLUDE_IN_FRAMEWORK_HEADER = YES;
				CLANG_WARN_RANGE_LOOP_ANALYSIS = YES;
				CLANG_WARN_STRICT_PROTOTYPES = YES;
				CLANG_WARN_SUSPICIOUS_MOVE = YES;
				CLANG_WARN_UNGUARDED_AVAILABILITY = YES_AGGRESSIVE;
				CLANG_WARN_UNREACHABLE_CODE = YES;
				CLANG_WARN__DUPLICATE_METHOD_MATCH = YES;
				COPY_PHASE_STRIP = NO;
				DEBUG_INFORMATION_FORMAT = dwarf;
				ENABLE_STRICT_OBJC_MSGSEND = YES;
				ENABLE_TESTABILITY = YES;
				ENABLE_USER_SCRIPT_SANDBOXING = YES;
				GCC_C_LANGUAGE_STANDARD = gnu17;
				GCC_DYNAMIC_NO_PIC = NO;
				GCC_NO_COMMON_BLOCKS = YES;
				GCC_OPTIMIZATION_LEVEL = 0;
				GCC_PREPROCESSOR_DEFINITIONS = (
					"DEBUG=1",
					"$(inherited)",
				);
				GCC_WARN_64_TO_32_BIT_CONVERSION = YES;
				GCC_WARN_ABOUT_RETURN_TYPE = YES_ERROR;
				GCC_WARN_UNDECLARED_SELECTOR = YES;
				GCC_WARN_UNINITIALIZED_AUTOS = YES_AGGRESSIVE;
				GCC_WARN_UNUSED_FUNCTION = YES;
				GCC_WARN_UNUSED_VARIABLE = YES;
				IPHONEOS_DEPLOYMENT_TARGET = 17.0;
				LOCALIZATION_PREFERS_STRING_CATALOGS = YES;
				MTL_ENABLE_DEBUG_INFO = INCLUDE_SOURCE;
				MTL_FAST_MATH = YES;
				ONLY_ACTIVE_ARCH = YES;
				SDKROOT = iphoneos;
				SWIFT_ACTIVE_COMPILATION_CONDITIONS = "DEBUG $(inherited)";
				SWIFT_OPTIMIZATION_LEVEL = "-Onone";
			};
			name = Debug;
		};
		241879022BBD6FC5002BF667 /* Release */ = {
			isa = XCBuildConfiguration;
			buildSettings = {
				ALWAYS_SEARCH_USER_PATHS = NO;
				ASSETCATALOG_COMPILER_GENERATE_SWIFT_ASSET_SYMBOL_EXTENSIONS = YES;
				CLANG_ANALYZER_NONNULL = YES;
				CLANG_ANALYZER_NUMBER_OBJECT_CONVERSION = YES_AGGRESSIVE;
				CLANG_CXX_LANGUAGE_STANDARD = "gnu++20";
				CLANG_ENABLE_MODULES = YES;
				CLANG_ENABLE_OBJC_ARC = YES;
				CLANG_ENABLE_OBJC_WEAK = YES;
				CLANG_WARN_BLOCK_CAPTURE_AUTORELEASING = YES;
				CLANG_WARN_BOOL_CONVERSION = YES;
				CLANG_WARN_COMMA = YES;
				CLANG_WARN_CONSTANT_CONVERSION = YES;
				CLANG_WARN_DEPRECATED_OBJC_IMPLEMENTATIONS = YES;
				CLANG_WARN_DIRECT_OBJC_ISA_USAGE = YES_ERROR;
				CLANG_WARN_DOCUMENTATION_COMMENTS = YES;
				CLANG_WARN_EMPTY_BODY = YES;
				CLANG_WARN_ENUM_CONVERSION = YES;
				CLANG_WARN_INFINITE_RECURSION = YES;
				CLANG_WARN_INT_CONVERSION = YES;
				CLANG_WARN_NON_LITERAL_NULL_CONVERSION = YES;
				CLANG_WARN_OBJC_IMPLICIT_RETAIN_SELF = YES;
				CLANG_WARN_OBJC_LITERAL_CONVERSION = YES;
				CLANG_WARN_OBJC_ROOT_CLASS = YES_ERROR;
				CLANG_WARN_QUOTED_INCLUDE_IN_FRAMEWORK_HEADER = YES;
				CLANG_WARN_RANGE_LOOP_ANALYSIS = YES;
				CLANG_WARN_STRICT_PROTOTYPES = YES;
				CLANG_WARN_SUSPICIOUS_MOVE = YES;
				CLANG_WARN_UNGUARDED_AVAILABILITY = YES_AGGRESSIVE;
				CLANG_WARN_UNREACHABLE_CODE = YES;
				CLANG_WARN__DUPLICATE_METHOD_MATCH = YES;
				COPY_PHASE_STRIP = NO;
				DEBUG_INFORMATION_FORMAT = "dwarf-with-dsym";
				ENABLE_NS_ASSERTIONS = NO;
				ENABLE_STRICT_OBJC_MSGSEND = YES;
				ENABLE_USER_SCRIPT_SANDBOXING = YES;
				GCC_C_LANGUAGE_STANDARD = gnu17;
				GCC_NO_COMMON_BLOCKS = YES;
				GCC_WARN_64_TO_32_BIT_CONVERSION = YES;
				GCC_WARN_ABOUT_RETURN_TYPE = YES_ERROR;
				GCC_WARN_UNDECLARED_SELECTOR = YES;
				GCC_WARN_UNINITIALIZED_AUTOS = YES_AGGRESSIVE;
				GCC_WARN_UNUSED_FUNCTION = YES;
				GCC_WARN_UNUSED_VARIABLE = YES;
				IPHONEOS_DEPLOYMENT_TARGET = 17.0;
				LOCALIZATION_PREFERS_STRING_CATALOGS = YES;
				MTL_ENABLE_DEBUG_INFO = NO;
				MTL_FAST_MATH = YES;
				SDKROOT = iphoneos;
				SWIFT_COMPILATION_MODE = wholemodule;
				VALIDATE_PRODUCT = YES;
			};
			name = Release;
		};
		241879042BBD6FC5002BF667 /* Debug */ = {
			isa = XCBuildConfiguration;
			buildSettings = {
				ASSETCATALOG_COMPILER_APPICON_NAME = AppIcon;
				ASSETCATALOG_COMPILER_GLOBAL_ACCENT_COLOR_NAME = AccentColor;
				CODE_SIGN_STYLE = Automatic;
				CURRENT_PROJECT_VERSION = 1;
				DEVELOPMENT_ASSET_PATHS = "\"TodoList/Preview Content\"";
				ENABLE_PREVIEWS = YES;
				GENERATE_INFOPLIST_FILE = YES;
				INFOPLIST_KEY_CFBundleDisplayName = "Todo App";
				INFOPLIST_KEY_UIApplicationSceneManifest_Generation = YES;
				INFOPLIST_KEY_UIApplicationSupportsIndirectInputEvents = YES;
				INFOPLIST_KEY_UILaunchScreen_Generation = YES;
				INFOPLIST_KEY_UISupportedInterfaceOrientations = UIInterfaceOrientationPortrait;
				INFOPLIST_KEY_UISupportedInterfaceOrientations_iPad = "UIInterfaceOrientationPortrait UIInterfaceOrientationPortraitUpsideDown";
				LD_RUNPATH_SEARCH_PATHS = (
					"$(inherited)",
					"@executable_path/Frameworks",
				);
				MARKETING_VERSION = 1.0;
				PRODUCT_BUNDLE_IDENTIFIER = com.rajan.TodoList;
				PRODUCT_NAME = "$(TARGET_NAME)";
				SWIFT_EMIT_LOC_STRINGS = YES;
				SWIFT_VERSION = 5.0;
				TARGETED_DEVICE_FAMILY = "1,2";
			};
			name = Debug;
		};
		241879052BBD6FC5002BF667 /* Release */ = {
			isa = XCBuildConfiguration;
			buildSettings = {
				ASSETCATALOG_COMPILER_APPICON_NAME = AppIcon;
				ASSETCATALOG_COMPILER_GLOBAL_ACCENT_COLOR_NAME = AccentColor;
				CODE_SIGN_STYLE = Automatic;
				CURRENT_PROJECT_VERSION = 1;
				DEVELOPMENT_ASSET_PATHS = "\"TodoList/Preview Content\"";
				ENABLE_PREVIEWS = YES;
				GENERATE_INFOPLIST_FILE = YES;
				INFOPLIST_KEY_CFBundleDisplayName = "Todo App";
				INFOPLIST_KEY_UIApplicationSceneManifest_Generation = YES;
				INFOPLIST_KEY_UIApplicationSupportsIndirectInputEvents = YES;
				INFOPLIST_KEY_UILaunchScreen_Generation = YES;
				INFOPLIST_KEY_UISupportedInterfaceOrientations = UIInterfaceOrientationPortrait;
				INFOPLIST_KEY_UISupportedInterfaceOrientations_iPad = "UIInterfaceOrientationPortrait UIInterfaceOrientationPortraitUpsideDown";
				LD_RUNPATH_SEARCH_PATHS = (
					"$(inherited)",
					"@executable_path/Frameworks",
				);
				MARKETING_VERSION = 1.0;
				PRODUCT_BUNDLE_IDENTIFIER = com.rajan.TodoList;
				PRODUCT_NAME = "$(TARGET_NAME)";
				SWIFT_EMIT_LOC_STRINGS = YES;
				SWIFT_VERSION = 5.0;
				TARGETED_DEVICE_FAMILY = "1,2";
			};
			name = Release;
		};
		241879072BBD6FC5002BF667 /* Debug */ = {
			isa = XCBuildConfiguration;
			buildSettings = {
				ALWAYS_EMBED_SWIFT_STANDARD_LIBRARIES = YES;
				BUNDLE_LOADER = "$(TEST_HOST)";
				CODE_SIGN_STYLE = Automatic;
				CURRENT_PROJECT_VERSION = 1;
				GENERATE_INFOPLIST_FILE = YES;
				IPHONEOS_DEPLOYMENT_TARGET = 17.0;
				MARKETING_VERSION = 1.0;
				PRODUCT_BUNDLE_IDENTIFIER = com.rajan.TodoListTests;
				PRODUCT_NAME = "$(TARGET_NAME)";
				SWIFT_EMIT_LOC_STRINGS = NO;
				SWIFT_VERSION = 5.0;
				TARGETED_DEVICE_FAMILY = "1,2";
				TEST_HOST = "$(BUILT_PRODUCTS_DIR)/TodoList.app/$(BUNDLE_EXECUTABLE_FOLDER_PATH)/TodoList";
			};
			name = Debug;
		};
		241879082BBD6FC5002BF667 /* Release */ = {
			isa = XCBuildConfiguration;
			buildSettings = {
				ALWAYS_EMBED_SWIFT_STANDARD_LIBRARIES = YES;
				BUNDLE_LOADER = "$(TEST_HOST)";
				CODE_SIGN_STYLE = Automatic;
				CURRENT_PROJECT_VERSION = 1;
				GENERATE_INFOPLIST_FILE = YES;
				IPHONEOS_DEPLOYMENT_TARGET = 17.0;
				MARKETING_VERSION = 1.0;
				PRODUCT_BUNDLE_IDENTIFIER = com.rajan.TodoListTests;
				PRODUCT_NAME = "$(TARGET_NAME)";
				SWIFT_EMIT_LOC_STRINGS = NO;
				SWIFT_VERSION = 5.0;
				TARGETED_DEVICE_FAMILY = "1,2";
				TEST_HOST = "$(BUILT_PRODUCTS_DIR)/TodoList.app/$(BUNDLE_EXECUTABLE_FOLDER_PATH)/TodoList";
			};
			name = Release;
		};
		2418790A2BBD6FC5002BF667 /* Debug */ = {
			isa = XCBuildConfiguration;
			buildSettings = {
				ALWAYS_EMBED_SWIFT_STANDARD_LIBRARIES = YES;
				CODE_SIGN_STYLE = Automatic;
				CURRENT_PROJECT_VERSION = 1;
				GENERATE_INFOPLIST_FILE = YES;
				MARKETING_VERSION = 1.0;
				PRODUCT_BUNDLE_IDENTIFIER = com.rajan.TodoListUITests;
				PRODUCT_NAME = "$(TARGET_NAME)";
				SWIFT_EMIT_LOC_STRINGS = NO;
				SWIFT_VERSION = 5.0;
				TARGETED_DEVICE_FAMILY = "1,2";
				TEST_TARGET_NAME = TodoList;
			};
			name = Debug;
		};
		2418790B2BBD6FC5002BF667 /* Release */ = {
			isa = XCBuildConfiguration;
			buildSettings = {
				ALWAYS_EMBED_SWIFT_STANDARD_LIBRARIES = YES;
				CODE_SIGN_STYLE = Automatic;
				CURRENT_PROJECT_VERSION = 1;
				GENERATE_INFOPLIST_FILE = YES;
				MARKETING_VERSION = 1.0;
				PRODUCT_BUNDLE_IDENTIFIER = com.rajan.TodoListUITests;
				PRODUCT_NAME = "$(TARGET_NAME)";
				SWIFT_EMIT_LOC_STRINGS = NO;
				SWIFT_VERSION = 5.0;
				TARGETED_DEVICE_FAMILY = "1,2";
				TEST_TARGET_NAME = TodoList;
			};
			name = Release;
		};
/* End XCBuildConfiguration section */

/* Begin XCConfigurationList section */
		241878DA2BBD6FC1002BF667 /* Build configuration list for PBXProject "TodoList" */ = {
			isa = XCConfigurationList;
			buildConfigurations = (
				241879012BBD6FC5002BF667 /* Debug */,
				241879022BBD6FC5002BF667 /* Release */,
			);
			defaultConfigurationIsVisible = 0;
			defaultConfigurationName = Release;
		};
		241879032BBD6FC5002BF667 /* Build configuration list for PBXNativeTarget "TodoList" */ = {
			isa = XCConfigurationList;
			buildConfigurations = (
				241879042BBD6FC5002BF667 /* Debug */,
				241879052BBD6FC5002BF667 /* Release */,
			);
			defaultConfigurationIsVisible = 0;
			defaultConfigurationName = Release;
		};
		241879062BBD6FC5002BF667 /* Build configuration list for PBXNativeTarget "TodoListTests" */ = {
			isa = XCConfigurationList;
			buildConfigurations = (
				241879072BBD6FC5002BF667 /* Debug */,
				241879082BBD6FC5002BF667 /* Release */,
			);
			defaultConfigurationIsVisible = 0;
			defaultConfigurationName = Release;
		};
		241879092BBD6FC5002BF667 /* Build configuration list for PBXNativeTarget "TodoListUITests" */ = {
			isa = XCConfigurationList;
			buildConfigurations = (
				2418790A2BBD6FC5002BF667 /* Debug */,
				2418790B2BBD6FC5002BF667 /* Release */,
			);
			defaultConfigurationIsVisible = 0;
			defaultConfigurationName = Release;
		};
/* End XCConfigurationList section */

/* Begin XCRemoteSwiftPackageReference section */
		249CF16F2BBE69EF0061AD4F /* XCRemoteSwiftPackageReference "firebase-ios-sdk" */ = {
			isa = XCRemoteSwiftPackageReference;
			repositoryURL = "https://github.com/firebase/firebase-ios-sdk";
			requirement = {
				kind = upToNextMajorVersion;
				minimumVersion = 10.23.1;
			};
		};
/* End XCRemoteSwiftPackageReference section */

/* Begin XCSwiftPackageProductDependency section */
		249CF1732BBE72680061AD4F /* FirebaseAnalytics */ = {
			isa = XCSwiftPackageProductDependency;
			package = 249CF16F2BBE69EF0061AD4F /* XCRemoteSwiftPackageReference "firebase-ios-sdk" */;
			productName = FirebaseAnalytics;
		};
		249CF1752BBE72680061AD4F /* FirebaseAuth */ = {
			isa = XCSwiftPackageProductDependency;
			package = 249CF16F2BBE69EF0061AD4F /* XCRemoteSwiftPackageReference "firebase-ios-sdk" */;
			productName = FirebaseAuth;
		};
		249CF1772BBE72680061AD4F /* FirebaseDatabase */ = {
			isa = XCSwiftPackageProductDependency;
			package = 249CF16F2BBE69EF0061AD4F /* XCRemoteSwiftPackageReference "firebase-ios-sdk" */;
			productName = FirebaseDatabase;
		};
		249CF1792BBE7F410061AD4F /* FirebaseFirestore */ = {
			isa = XCSwiftPackageProductDependency;
			package = 249CF16F2BBE69EF0061AD4F /* XCRemoteSwiftPackageReference "firebase-ios-sdk" */;
			productName = FirebaseFirestore;
		};
/* End XCSwiftPackageProductDependency section */
	};
	rootObject = 241878D72BBD6FC1002BF667 /* Project object */;
}
